<?xml version="1.0" encoding="utf-8"?>
<Project xmlns="http://schemas.microsoft.com/developer/msbuild/2003">
  <ItemGroup>
    <Filter Include="Form Files">
      <UniqueIdentifier>{99349809-55BA-4b9d-BF79-8FDBB0286EB3}</UniqueIdentifier>
      <Extensions>ui</Extensions>
      <ParseFiles>false</ParseFiles>
    </Filter>
    <Filter Include="Form Files">
      <UniqueIdentifier>{99349809-55BA-4b9d-BF79-8FDBB0286EB3}</UniqueIdentifier>
      <Extensions>ui</Extensions>
      <ParseFiles>false</ParseFiles>
    </Filter>
    <Filter Include="Generated Files">
      <UniqueIdentifier>{71ED8ED8-ACB9-4CE9-BBE1-E00B30144E11}</UniqueIdentifier>
      <Extensions>cpp;c;cxx;moc;h;def;odl;idl;res;</Extensions>
    </Filter>
    <Filter Include="Generated Files">
      <UniqueIdentifier>{71ED8ED8-ACB9-4CE9-BBE1-E00B30144E11}</UniqueIdentifier>
      <Extensions>cpp;c;cxx;moc;h;def;odl;idl;res;</Extensions>
    </Filter>
    <Filter Include="Header Files">
      <UniqueIdentifier>{93995380-89BD-4b04-88EB-625FBE52EBFB}</UniqueIdentifier>
      <Extensions>h;hpp;hxx;hm;inl;inc;xsd</Extensions>
    </Filter>
    <Filter Include="Header Files">
      <UniqueIdentifier>{93995380-89BD-4b04-88EB-625FBE52EBFB}</UniqueIdentifier>
      <Extensions>h;hpp;hxx;hm;inl;inc;xsd</Extensions>
    </Filter>
    <Filter Include="Source Files">
      <UniqueIdentifier>{4FC737F1-C7A5-4376-A066-2A32D752A2FF}</UniqueIdentifier>
      <Extensions>cpp;c;cxx;def;odl;idl;hpj;bat;asm;asmx</Extensions>
    </Filter>
    <Filter Include="Source Files">
      <UniqueIdentifier>{4FC737F1-C7A5-4376-A066-2A32D752A2FF}</UniqueIdentifier>
      <Extensions>cpp;c;cxx;def;odl;idl;hpj;bat;asm;asmx</Extensions>
    </Filter>
    <Filter Include="Translation Files">
      <UniqueIdentifier>{639EADAA-A684-42e4-A9AD-28FC9BCB8F7C}</UniqueIdentifier>
      <Extensions>ts;xlf</Extensions>
      <ParseFiles>false</ParseFiles>
    </Filter>
    <Filter Include="Translation Files">
      <UniqueIdentifier>{639EADAA-A684-42e4-A9AD-28FC9BCB8F7C}</UniqueIdentifier>
      <Extensions>ts;xlf</Extensions>
      <ParseFiles>false</ParseFiles>
    </Filter>
  </ItemGroup>
  <ItemGroup>
    <ClCompile Include="bfBaseWindow\BFComboBoxView.cpp">
      <Filter>Source Files</Filter>
    </ClCompile>
    <ClCompile Include="BFCommandLineParser.cpp">
      <Filter>Source Files</Filter>
    </ClCompile>
    <ClCompile Include="bfBaseWindow\BFCustomMenu.cpp">
      <Filter>Source Files</Filter>
    </ClCompile>
    <ClCompile Include="bfBaseWindow\BFFileAndFolderDialog.cpp">
      <Filter>Source Files</Filter>
    </ClCompile>
    <ClCompile Include="bfBaseWindow\BFFontSetting.cpp">
      <Filter>Source Files</Filter>
    </ClCompile>
    <ClCompile Include="bfBaseWindow\BFHidenSideWidget.cpp">
      <Filter>Source Files</Filter>
    </ClCompile>
    <ClCompile Include="bfBaseWindow\BFImportEntranceWidget.cpp">
      <Filter>Source Files</Filter>
    </ClCompile>
    <ClCompile Include="bfBaseWindow\BFMessageBox.cpp">
      <Filter>Source Files</Filter>
    </ClCompile>
    <ClCompile Include="bfBaseWindow\BFScrollBar.cpp">
      <Filter>Source Files</Filter>
    </ClCompile>
    <ClCompile Include="bfBaseWindow\BFSkinManager.cpp">
      <Filter>Source Files</Filter>
    </ClCompile>
    <ClCompile Include="bfBaseWindow\BFSliderActionWidget.cpp">
      <Filter>Source Files</Filter>
    </ClCompile>
    <ClCompile Include="bfBaseWindow\BfProgressDialog.cpp">
      <Filter>Source Files</Filter>
    </ClCompile>
    <ClCompile Include="bfBaseWindow\CHyperlinkLabel.cpp">
      <Filter>Source Files</Filter>
    </ClCompile>
    <ClCompile Include="bfBaseWindow\CIndexFloatingDialog.cpp">
      <Filter>Source Files</Filter>
    </ClCompile>
    <ClCompile Include="bfBaseWindow\CIndexToCopyResultDialog.cpp">
      <Filter>Source Files</Filter>
    </ClCompile>
    <ClCompile Include="bfBaseWindow\CLineEdited.cpp">
      <Filter>Source Files</Filter>
    </ClCompile>
    <ClCompile Include="bfBaseWindow\CListSearchLineEdit.cpp">
      <Filter>Source Files</Filter>
    </ClCompile>
    <ClCompile Include="bfBaseWindow\CNewWidget.cpp">
      <Filter>Source Files</Filter>
    </ClCompile>
    <ClCompile Include="bfBaseWindow\CNotificationFloatingWidget.cpp">
      <Filter>Source Files</Filter>
    </ClCompile>
    <ClCompile Include="bfBaseWindow\CPopupDialog.cpp">
      <Filter>Source Files</Filter>
    </ClCompile>
    <ClCompile Include="bfBaseWindow\CPopupTitleBarWidget.cpp">
      <Filter>Source Files</Filter>
    </ClCompile>
    <ClCompile Include="bfBaseWindow\CPushButton.cpp">
      <Filter>Source Files</Filter>
    </ClCompile>
    <ClCompile Include="bfBaseWindow\CResourceItem.cpp">
      <Filter>Source Files</Filter>
    </ClCompile>
    <ClCompile Include="bfBaseWindow\CScrollArea.cpp">
      <Filter>Source Files</Filter>
    </ClCompile>
    <ClCompile Include="bfBaseWindow\CTitleBarWidget.cpp">
      <Filter>Source Files</Filter>
    </ClCompile>
    <ClCompile Include="bfBaseWindow\CTitleToolTip.cpp">
      <Filter>Source Files</Filter>
    </ClCompile>
    <ClCompile Include="bfBaseWindow\CustomControls.cpp">
      <Filter>Source Files</Filter>
    </ClCompile>
    <ClCompile Include="FramelessHelper.cpp">
      <Filter>Source Files</Filter>
    </ClCompile>
    <ClCompile Include="NcFramelessHelper.cpp">
      <Filter>Source Files</Filter>
    </ClCompile>
    <ClCompile Include="bfBaseWindow\PngArrayPlayWid.cpp">
      <Filter>Source Files</Filter>
    </ClCompile>
    <ClCompile Include="QtFlieOperation.cpp">
      <Filter>Source Files</Filter>
    </ClCompile>
    <ClCompile Include="bfcrossplatformutils.cpp">
      <Filter>Source Files</Filter>
    </ClCompile>
    <ClCompile Include="bfobserver.cpp">
      <Filter>Source Files</Filter>
    </ClCompile>
    <ClCompile Include="bfqtutils.cpp">
      <Filter>Source Files</Filter>
    </ClCompile>
    <ClCompile Include="bfstructoperate.cpp">
      <Filter>Source Files</Filter>
    </ClCompile>
    <ClCompile Include="bftypeutils.cpp">
      <Filter>Source Files</Filter>
    </ClCompile>
    <ClCompile Include="borderimage.cpp">
      <Filter>Source Files</Filter>
    </ClCompile>
    <ClCompile Include="borderpixmap.cpp">
      <Filter>Source Files</Filter>
    </ClCompile>
    <ClCompile Include="circleavatarlabel.cpp">
      <Filter>Source Files</Filter>
    </ClCompile>
    <ClCompile Include="clickablelabel.cpp">
      <Filter>Source Files</Filter>
    </ClCompile>
    <ClCompile Include="colors.cpp">
      <Filter>Source Files</Filter>
    </ClCompile>
    <ClCompile Include="console.cpp">
      <Filter>Source Files</Filter>
    </ClCompile>
    <ClCompile Include="log.cpp">
      <Filter>Source Files</Filter>
    </ClCompile>
    <ClCompile Include="mapwidget.cpp">
      <Filter>Source Files</Filter>
    </ClCompile>
    <ClCompile Include="messagebox.cpp">
      <Filter>Source Files</Filter>
    </ClCompile>
    <ClCompile Include="pixmapconverter.cpp">
      <Filter>Source Files</Filter>
    </ClCompile>
    <ClCompile Include="regexp.cpp">
      <Filter>Source Files</Filter>
    </ClCompile>
    <ClCompile Include="skinmanager.cpp">
      <Filter>Source Files</Filter>
    </ClCompile>
    <ClCompile Include="system_os.cpp">
      <Filter>Source Files</Filter>
    </ClCompile>
    <ClCompile Include="toolbutton.cpp">
      <Filter>Source Files</Filter>
    </ClCompile>
    <ClCompile Include="unzipfile.cpp">
      <Filter>Source Files</Filter>
    </ClCompile>
    <ClCompile Include="versionparser.cpp">
      <Filter>Source Files</Filter>
    </ClCompile>
    <ClCompile Include="widgetmanager.cpp">
      <Filter>Source Files</Filter>
    </ClCompile>
    <ClCompile Include="windowsizetoolbar.cpp">
      <Filter>Source Files</Filter>
    </ClCompile>
  </ItemGroup>
  <ItemGroup>
    <ClInclude Include="bfBaseWindow\BFComboBoxView.h">
      <Filter>Header Files</Filter>
    </ClInclude>
    <ClInclude Include="BFCommandLineParser.h">
      <Filter>Header Files</Filter>
    </ClInclude>
    <QtMoc Include="bfBaseWindow\BFCustomMenu.h">
      <Filter>Header Files</Filter>
    </QtMoc>
    <ClInclude Include="bfBaseWindow\BFFileAndFolderDialog.h">
      <Filter>Header Files</Filter>
    </ClInclude>
    <ClInclude Include="bfBaseWindow\BFFontSetting.h">
      <Filter>Header Files</Filter>
    </ClInclude>
    <QtMoc Include="bfBaseWindow\BFHidenSideWidget.h">
      <Filter>Header Files</Filter>
    </QtMoc>
    <QtMoc Include="bfBaseWindow\BFImportEntranceWidget.h">
      <Filter>Header Files</Filter>
    </QtMoc>
    <QtMoc Include="bfBaseWindow\BFMessageBox.h">
      <Filter>Header Files</Filter>
    </QtMoc>
    <QtMoc Include="bfBaseWindow\BFScrollBar.h">
      <Filter>Header Files</Filter>
    </QtMoc>
    <ClInclude Include="bfBaseWindow\BFSkinManager.h">
      <Filter>Header Files</Filter>
    </ClInclude>
    <QtMoc Include="bfBaseWindow\BFSliderActionWidget.h">
      <Filter>Header Files</Filter>
    </QtMoc>
    <QtMoc Include="bfBaseWindow\BfProgressDialog.h">
      <Filter>Header Files</Filter>
    </QtMoc>
    <QtMoc Include="bfBaseWindow\CHyperlinkLabel.h">
      <Filter>Header Files</Filter>
    </QtMoc>
    <QtMoc Include="bfBaseWindow\CIndexFloatingDialog.h">
      <Filter>Header Files</Filter>
    </QtMoc>
    <QtMoc Include="bfBaseWindow\CIndexToCopyResultDialog.h">
      <Filter>Header Files</Filter>
    </QtMoc>
    <QtMoc Include="bfBaseWindow\CLineEdited.h">
      <Filter>Header Files</Filter>
    </QtMoc>
    <QtMoc Include="bfBaseWindow\CListSearchLineEdit.h">
      <Filter>Header Files</Filter>
    </QtMoc>
    <QtMoc Include="bfBaseWindow\CNewWidget.h">
      <Filter>Header Files</Filter>
    </QtMoc>
    <ClInclude Include="bfBaseWindow\CNotificationFloatingWidget.h">
      <Filter>Header Files</Filter>
    </ClInclude>
    <QtMoc Include="bfBaseWindow\CPopupDialog.h">
      <Filter>Header Files</Filter>
    </QtMoc>
    <QtMoc Include="bfBaseWindow\CPopupTitleBarWidget.h">
      <Filter>Header Files</Filter>
    </QtMoc>
    <QtMoc Include="bfBaseWindow\CPushButton.h">
      <Filter>Header Files</Filter>
    </QtMoc>
    <ClInclude Include="bfBaseWindow\CResourceItem.h">
      <Filter>Header Files</Filter>
    </ClInclude>
    <QtMoc Include="bfBaseWindow\CScrollArea.h">
      <Filter>Header Files</Filter>
    </QtMoc>
    <QtMoc Include="bfBaseWindow\CTitleBarWidget.h">
      <Filter>Header Files</Filter>
    </QtMoc>
    <ClInclude Include="bfBaseWindow\CTitleToolTip.h">
      <Filter>Header Files</Filter>
    </ClInclude>
    <QtMoc Include="bfBaseWindow\CustomControls.h">
      <Filter>Header Files</Filter>
    </QtMoc>
    <QtMoc Include="FramelessHelper.h">
      <Filter>Header Files</Filter>
    </QtMoc>
    <QtMoc Include="bfBaseWindow\PngArrayPlayWid.h">
      <Filter>Header Files</Filter>
    </QtMoc>
    <ClInclude Include="QtFlieOperation.h">
      <Filter>Header Files</Filter>
    </ClInclude>
    <ClInclude Include="bfcheckfilestate.h">
      <Filter>Header Files</Filter>
    </ClInclude>
    <ClInclude Include="bfcrossplatformutils.h">
      <Filter>Header Files</Filter>
    </ClInclude>
    <ClInclude Include="bfobserver.h">
      <Filter>Header Files</Filter>
    </ClInclude>
    <ClInclude Include="bfqtutils.h">
      <Filter>Header Files</Filter>
    </ClInclude>
    <ClInclude Include="bfstructoperate.h">
      <Filter>Header Files</Filter>
    </ClInclude>
    <ClInclude Include="bftypeutils.h">
      <Filter>Header Files</Filter>
    </ClInclude>
    <ClInclude Include="borderimage.h">
      <Filter>Header Files</Filter>
    </ClInclude>
    <ClInclude Include="borderpixmap.h">
      <Filter>Header Files</Filter>
    </ClInclude>
    <QtMoc Include="circleavatarlabel.h">
      <Filter>Header Files</Filter>
    </QtMoc>
    <QtMoc Include="clickablelabel.h">
      <Filter>Header Files</Filter>
    </QtMoc>
    <ClInclude Include="colors.h">
      <Filter>Header Files</Filter>
    </ClInclude>
    <QtMoc Include="console.h">
      <Filter>Header Files</Filter>
    </QtMoc>
    <ClInclude Include="log.h">
      <Filter>Header Files</Filter>
    </ClInclude>
    <QtMoc Include="mapwidget.h">
      <Filter>Header Files</Filter>
    </QtMoc>
    <QtMoc Include="messagebox.h">
      <Filter>Header Files</Filter>
    </QtMoc>
    <ClInclude Include="pimpl.h">
      <Filter>Header Files</Filter>
    </ClInclude>
    <ClInclude Include="pimpl_impl.h">
      <Filter>Header Files</Filter>
    </ClInclude>
    <ClInclude Include="pixmapconverter.h">
      <Filter>Header Files</Filter>
    </ClInclude>
    <ClInclude Include="regexp.h">
      <Filter>Header Files</Filter>
    </ClInclude>
    <QtMoc Include="skinmanager.h">
      <Filter>Header Files</Filter>
    </QtMoc>
    <ClInclude Include="system_os.h">
      <Filter>Header Files</Filter>
    </ClInclude>
    <QtMoc Include="toolbutton.h">
      <Filter>Header Files</Filter>
    </QtMoc>
    <ClInclude Include="unzipfile.h">
      <Filter>Header Files</Filter>
    </ClInclude>
    <ClInclude Include="utilsexport.h">
      <Filter>Header Files</Filter>
    </ClInclude>
    <ClInclude Include="versionparser.h">
      <Filter>Header Files</Filter>
    </ClInclude>
    <QtMoc Include="windowsizetoolbar.h">
      <Filter>Header Files</Filter>
    </QtMoc>
  </ItemGroup>
  <ItemGroup>
    
    
    
    
    
    
    
    
    
    
    
    
    
    
    
    
    
    
    
    
    
    
    
    
    
    
    <CustomBuild Include="..\..\tmp\utils\moc_predefs.h.cbt">
      <Filter>Generated Files</Filter>
    </CustomBuild>
    
    
    
    
    
    
    
  </ItemGroup>
  <ItemGroup>
    <None Include="..\translations\zh_CN\utils.ts">
      <Filter>Translation Files</Filter>
    </None>
  </ItemGroup>
  <ItemGroup>
    <QtUic Include="bfBaseWindow\BFMessageBox.ui">
      <Filter>Form Files</Filter>
    </QtUic>
    <QtUic Include="bfBaseWindow\CListSearchLineEdit.ui">
      <Filter>Form Files</Filter>
    </QtUic>
    <QtUic Include="bfBaseWindow\PngArrayPlayWid.ui">
      <Filter>Form Files</Filter>
    </QtUic>
    <QtUic Include="messagebox.ui">
      <Filter>Form Files</Filter>
    </QtUic>
  </ItemGroup>
</Project>